# Коммиты sibling-репозиториев, из которых собирается релиз.
#
# synthos path-зависит на ../syngui и ../synaptix, поэтому «версия synthos» без
# этих двух SHA неполна: тот же тег, собранный с другим syngui, — другой бинарь.
# Обновляется скриптом packaging/pin-deps.sh непосредственно перед тегом.
#
# Формат: <имя>=<полный sha>. Пустое значение → релизная сборка возьмёт master.

syngui=a8f459d1c7d23b3a0e0571a49254bafc06c61bf2
synaptix=59a8322c2af4fbdef63f9527b80d17ac694f34ac
