# Коммиты sibling-репозиториев, из которых собирается релиз.
#
# synthos path-зависит на ../syngui и ../synaptix, поэтому «версия synthos» без
# этих двух SHA неполна: тот же тег, собранный с другим syngui, — другой бинарь.
# Обновляется скриптом packaging/pin-deps.sh непосредственно перед тегом.
#
# Формат: <имя>=<полный sha>. Пустое значение → релизная сборка возьмёт master.

syngui=f73c9d602a537469b1d015b0cead2ddf5cd4be9e
synaptix=5b508e0fe436c9bc61a3f891e51df02b6d0ad7e3
