# Коммиты sibling-репозиториев, из которых собирается релиз.
#
# synthos path-зависит на ../syngui и ../synaptix, поэтому «версия synthos» без
# этих двух SHA неполна: тот же тег, собранный с другим syngui, — другой бинарь.
# Обновляется скриптом packaging/pin-deps.sh непосредственно перед тегом.
#
# Формат: <имя>=<полный sha>. Пустое значение → релизная сборка возьмёт master.

syngui=692f7ed6f096ce717379589a384c50eb0d06ddd7
synaptix=7bce745ac0b1c06eb377d18cc0e05d51aff3c9f8
